
Microsoft Visual Studio Solution File, Format Version 12.00
# Visual Studio Version 16
VisualStudioVersion = 16.0.29403.142
MinimumVisualStudioVersion = 10.0.40219.1
Project("{FAE04EC0-301F-11D3-BF4B-00C04F79EFBC}") = "ConsoleApp1", "ConsoleApp1\ConsoleApp1.csproj", "{DAA1CBBE-9437-4AB0-9837-A9CB8A412F5B}"
EndProject
Global
	GlobalSection(SolutionConfigurationPlatforms) = preSolution
		Debug|Any CPU = Debug|Any CPU
		Release|Any CPU = Release|Any CPU
	EndGlobalSection
	GlobalSection(ProjectConfigurationPlatforms) = postSolution
		{DAA1CBBE-9437-4AB0-9837-A9CB8A412F5B}.Debug|Any CPU.ActiveCfg = Debug|Any CPU
		{DAA1CBBE-9437-4AB0-9837-A9CB8A412F5B}.Debug|Any CPU.Build.0 = Debug|Any CPU
		{DAA1CBBE-9437-4AB0-9837-A9CB8A412F5B}.Release|Any CPU.ActiveCfg = Release|Any CPU
		{DAA1CBBE-9437-4AB0-9837-A9CB8A412F5B}.Release|Any CPU.Build.0 = Release|Any CPU
	EndGlobalSection
	GlobalSection(SolutionProperties) = preSolution
		HideSolutionNode = FALSE
	EndGlobalSection
	GlobalSection(ExtensibilityGlobals) = postSolution
		SolutionGuid = {B70674EC-7500-49B4-9352-33BA0D2BD71C}
	EndGlobalSection
EndGlobal
