
Microsoft Visual Studio Solution File, Format Version 12.00
# Visual Studio Version 16
VisualStudioVersion = 16.0.29403.142
MinimumVisualStudioVersion = 10.0.40219.1
Project("{FAE04EC0-301F-11D3-BF4B-00C04F79EFBC}") = "Mikowski_cw1", "Mikowski_cw1\Mikowski_cw1.csproj", "{63F063A5-07DE-4D7A-B6F1-D19AB7AF07CB}"
EndProject
Global
	GlobalSection(SolutionConfigurationPlatforms) = preSolution
		Debug|Any CPU = Debug|Any CPU
		Release|Any CPU = Release|Any CPU
	EndGlobalSection
	GlobalSection(ProjectConfigurationPlatforms) = postSolution
		{63F063A5-07DE-4D7A-B6F1-D19AB7AF07CB}.Debug|Any CPU.ActiveCfg = Debug|Any CPU
		{63F063A5-07DE-4D7A-B6F1-D19AB7AF07CB}.Debug|Any CPU.Build.0 = Debug|Any CPU
		{63F063A5-07DE-4D7A-B6F1-D19AB7AF07CB}.Release|Any CPU.ActiveCfg = Release|Any CPU
		{63F063A5-07DE-4D7A-B6F1-D19AB7AF07CB}.Release|Any CPU.Build.0 = Release|Any CPU
	EndGlobalSection
	GlobalSection(SolutionProperties) = preSolution
		HideSolutionNode = FALSE
	EndGlobalSection
	GlobalSection(ExtensibilityGlobals) = postSolution
		SolutionGuid = {7EF6E750-EEB9-4305-B26F-473BC8B95ED1}
	EndGlobalSection
EndGlobal
