
Microsoft Visual Studio Solution File, Format Version 12.00
# Visual Studio Version 16
VisualStudioVersion = 16.0.29403.142
MinimumVisualStudioVersion = 10.0.40219.1
Project("{FAE04EC0-301F-11D3-BF4B-00C04F79EFBC}") = "Bank", "Bank\Bank.csproj", "{460A6B15-6424-4150-BA05-E99FD6509224}"
EndProject
Global
	GlobalSection(SolutionConfigurationPlatforms) = preSolution
		Debug|Any CPU = Debug|Any CPU
		Release|Any CPU = Release|Any CPU
	EndGlobalSection
	GlobalSection(ProjectConfigurationPlatforms) = postSolution
		{460A6B15-6424-4150-BA05-E99FD6509224}.Debug|Any CPU.ActiveCfg = Debug|Any CPU
		{460A6B15-6424-4150-BA05-E99FD6509224}.Debug|Any CPU.Build.0 = Debug|Any CPU
		{460A6B15-6424-4150-BA05-E99FD6509224}.Release|Any CPU.ActiveCfg = Release|Any CPU
		{460A6B15-6424-4150-BA05-E99FD6509224}.Release|Any CPU.Build.0 = Release|Any CPU
	EndGlobalSection
	GlobalSection(SolutionProperties) = preSolution
		HideSolutionNode = FALSE
	EndGlobalSection
	GlobalSection(ExtensibilityGlobals) = postSolution
		SolutionGuid = {1E263B88-72AE-409C-B2AA-D8E0068AF1CD}
	EndGlobalSection
EndGlobal
